
Microsoft Visual Studio Solution File, Format Version 12.00
# Visual Studio 15
VisualStudioVersion = 15.0.28307.1062
MinimumVisualStudioVersion = 10.0.40219.1
Project("{FAE04EC0-301F-11D3-BF4B-00C04F79EFBC}") = "Filters", "Filters\Filters.csproj", "{FD1CB665-A645-4E64-87B4-EC1007478D31}"
EndProject
Global
	GlobalSection(SolutionConfigurationPlatforms) = preSolution
		Debug|Any CPU = Debug|Any CPU
		Release|Any CPU = Release|Any CPU
	EndGlobalSection
	GlobalSection(ProjectConfigurationPlatforms) = postSolution
		{FD1CB665-A645-4E64-87B4-EC1007478D31}.Debug|Any CPU.ActiveCfg = Debug|Any CPU
		{FD1CB665-A645-4E64-87B4-EC1007478D31}.Debug|Any CPU.Build.0 = Debug|Any CPU
		{FD1CB665-A645-4E64-87B4-EC1007478D31}.Release|Any CPU.ActiveCfg = Release|Any CPU
		{FD1CB665-A645-4E64-87B4-EC1007478D31}.Release|Any CPU.Build.0 = Release|Any CPU
	EndGlobalSection
	GlobalSection(SolutionProperties) = preSolution
		HideSolutionNode = FALSE
	EndGlobalSection
	GlobalSection(ExtensibilityGlobals) = postSolution
		SolutionGuid = {B177ED32-7508-4629-BB2E-FF679A5DCFE1}
	EndGlobalSection
EndGlobal
